
Microsoft Visual Studio Solution File, Format Version 12.00
# Visual Studio Version 17
VisualStudioVersion = 17.9.34723.18
MinimumVisualStudioVersion = 10.0.40219.1
Project("{FAE04EC0-301F-11D3-BF4B-00C04F79EFBC}") = "music_management", "music_management.csproj", "{DFDF6B15-7AA4-4169-8D7A-AB466B2CE1AD}"
EndProject
Global
	GlobalSection(SolutionConfigurationPlatforms) = preSolution
		Debug|Any CPU = Debug|Any CPU
		Release|Any CPU = Release|Any CPU
	EndGlobalSection
	GlobalSection(ProjectConfigurationPlatforms) = postSolution
		{DFDF6B15-7AA4-4169-8D7A-AB466B2CE1AD}.Debug|Any CPU.ActiveCfg = Debug|Any CPU
		{DFDF6B15-7AA4-4169-8D7A-AB466B2CE1AD}.Debug|Any CPU.Build.0 = Debug|Any CPU
		{DFDF6B15-7AA4-4169-8D7A-AB466B2CE1AD}.Release|Any CPU.ActiveCfg = Release|Any CPU
		{DFDF6B15-7AA4-4169-8D7A-AB466B2CE1AD}.Release|Any CPU.Build.0 = Release|Any CPU
	EndGlobalSection
	GlobalSection(SolutionProperties) = preSolution
		HideSolutionNode = FALSE
	EndGlobalSection
	GlobalSection(ExtensibilityGlobals) = postSolution
		SolutionGuid = {31D28759-8EBC-4095-98B8-678D846AC3CE}
	EndGlobalSection
EndGlobal
